
Microsoft Visual Studio Solution File, Format Version 12.00
# Visual Studio 15
VisualStudioVersion = 15.0.27130.2027
MinimumVisualStudioVersion = 10.0.40219.1
Project("{FAE04EC0-301F-11D3-BF4B-00C04F79EFBC}") = "TransactionRegister", "TransactionRegister.csproj", "{98ECF9FF-B506-4600-8949-736E749D332F}"
EndProject
Global
	GlobalSection(SolutionConfigurationPlatforms) = preSolution
		Debug|Any CPU = Debug|Any CPU
		Release|Any CPU = Release|Any CPU
	EndGlobalSection
	GlobalSection(ProjectConfigurationPlatforms) = postSolution
		{98ECF9FF-B506-4600-8949-736E749D332F}.Debug|Any CPU.ActiveCfg = Debug|Any CPU
		{98ECF9FF-B506-4600-8949-736E749D332F}.Debug|Any CPU.Build.0 = Debug|Any CPU
		{98ECF9FF-B506-4600-8949-736E749D332F}.Release|Any CPU.ActiveCfg = Release|Any CPU
		{98ECF9FF-B506-4600-8949-736E749D332F}.Release|Any CPU.Build.0 = Release|Any CPU
	EndGlobalSection
	GlobalSection(SolutionProperties) = preSolution
		HideSolutionNode = FALSE
	EndGlobalSection
	GlobalSection(ExtensibilityGlobals) = postSolution
		SolutionGuid = {043B8CBA-F8BE-464A-A165-C7B8E991BB73}
	EndGlobalSection
EndGlobal
